
Microsoft Visual Studio Solution File, Format Version 12.00
# Visual Studio Version 17
VisualStudioVersion = 17.1.32319.34
MinimumVisualStudioVersion = 10.0.40219.1
Project("{FAE04EC0-301F-11D3-BF4B-00C04F79EFBC}") = "Cascade.Assets.Samples", "Cascade.Assets\samples\Cascade.Assets.Samples.csproj", "{984FECA5-7DB2-468C-B4B3-EA64720DC978}"
EndProject
Project("{FAE04EC0-301F-11D3-BF4B-00C04F79EFBC}") = "Cascade.Assets", "Cascade.Assets\src\Cascade.Assets.csproj", "{B12EDA7E-CC80-4B4E-93AD-66DEEE0434FD}"
EndProject
Project("{FAE04EC0-301F-11D3-BF4B-00C04F79EFBC}") = "Cascade.Assets.Tests", "Cascade.Assets\tests\Cascade.Assets.Tests.csproj", "{9995C744-A3EC-4149-B7EC-75226AB358F8}"
EndProject
Project("{2150E333-8FDC-42A3-9474-1A3956D46DE8}") = "Workflows", "Workflows", "{4A99F8F6-100E-4F1A-945C-D7A6E7F54461}"
EndProject
Project("{FAE04EC0-301F-11D3-BF4B-00C04F79EFBC}") = "Cascade.Workflows.Tests", "Cascade.Workflows\tests\Cascade.Workflows.Tests.csproj", "{730BF049-30DE-41CC-A77D-C324D33B7A83}"
EndProject
Project("{FAE04EC0-301F-11D3-BF4B-00C04F79EFBC}") = "Cascade.Workflows", "Cascade.Workflows\src\Cascade.Workflows.csproj", "{BACE0FB5-EF21-4726-B56A-900B9D6393D3}"
EndProject
Project("{FAE04EC0-301F-11D3-BF4B-00C04F79EFBC}") = "Cascade.Workflows.Samples", "Cascade.Workflows\samples\Cascade.Workflows.Samples.csproj", "{FB27D086-804E-4D23-A0BC-4B6D951ED732}"
EndProject
Project("{2150E333-8FDC-42A3-9474-1A3956D46DE8}") = "Assets", "Assets", "{9DB89EF9-4906-451B-947F-2CB25E0E33F1}"
EndProject
Project("{FAE04EC0-301F-11D3-BF4B-00C04F79EFBC}") = "Cascade.Workflows.NUnit.Samples", "Cascade.Workflows.NUnit\samples\Cascade.Workflows.NUnit.Samples.csproj", "{FF438F6B-B22A-458C-B470-5DA73B4E5E6B}"
EndProject
Project("{FAE04EC0-301F-11D3-BF4B-00C04F79EFBC}") = "Cascade.Workflows.NUnit", "Cascade.Workflows.NUnit\src\Cascade.Workflows.NUnit.csproj", "{5C444730-8B68-4970-BA0F-B7FA7D97714A}"
EndProject
Project("{FAE04EC0-301F-11D3-BF4B-00C04F79EFBC}") = "Cascade.Workflows.NUnit.Tests", "Cascade.Workflows.NUnit\tests\Cascade.Workflows.NUnit.Tests.csproj", "{868AD6EA-77CC-4658-8DBD-7FBDD7AB78CD}"
EndProject
Project("{2150E333-8FDC-42A3-9474-1A3956D46DE8}") = "Workflows.NUnit", "Workflows.NUnit", "{CF1A7A95-6B4D-4359-93BD-7994E12CE1FE}"
EndProject
Project("{2150E333-8FDC-42A3-9474-1A3956D46DE8}") = "Workflows.CommandLine", "Workflows.CommandLine", "{127097FD-CEAD-4F2A-9F70-67C815E77D45}"
EndProject
Project("{FAE04EC0-301F-11D3-BF4B-00C04F79EFBC}") = "Cascade.Workflows.CommandLine.Sample", "Cascade.Workflows.CommandLine\samples\Cascade.Workflows.CommandLine.Sample.csproj", "{B0CD8915-E1EA-40FE-A90E-A8BEB4B0345C}"
EndProject
Project("{FAE04EC0-301F-11D3-BF4B-00C04F79EFBC}") = "Cascade.Workflows.CommandLine", "Cascade.Workflows.CommandLine\src\Cascade.Workflows.CommandLine.csproj", "{75A0C080-CD54-4969-823E-F4750FE0E19A}"
EndProject
Project("{FAE04EC0-301F-11D3-BF4B-00C04F79EFBC}") = "Cascade.Workflows.CommandLine.Tests", "Cascade.Workflows.CommandLine\tests\Cascade.Workflows.CommandLine.Tests.csproj", "{0207A260-8246-487C-B273-8709B28D4AA0}"
EndProject
Global
	GlobalSection(SolutionConfigurationPlatforms) = preSolution
		Debug|Any CPU = Debug|Any CPU
		Release|Any CPU = Release|Any CPU
	EndGlobalSection
	GlobalSection(ProjectConfigurationPlatforms) = postSolution
		{984FECA5-7DB2-468C-B4B3-EA64720DC978}.Debug|Any CPU.ActiveCfg = Debug|Any CPU
		{984FECA5-7DB2-468C-B4B3-EA64720DC978}.Debug|Any CPU.Build.0 = Debug|Any CPU
		{984FECA5-7DB2-468C-B4B3-EA64720DC978}.Release|Any CPU.ActiveCfg = Release|Any CPU
		{984FECA5-7DB2-468C-B4B3-EA64720DC978}.Release|Any CPU.Build.0 = Release|Any CPU
		{B12EDA7E-CC80-4B4E-93AD-66DEEE0434FD}.Debug|Any CPU.ActiveCfg = Debug|Any CPU
		{B12EDA7E-CC80-4B4E-93AD-66DEEE0434FD}.Debug|Any CPU.Build.0 = Debug|Any CPU
		{B12EDA7E-CC80-4B4E-93AD-66DEEE0434FD}.Release|Any CPU.ActiveCfg = Release|Any CPU
		{B12EDA7E-CC80-4B4E-93AD-66DEEE0434FD}.Release|Any CPU.Build.0 = Release|Any CPU
		{9995C744-A3EC-4149-B7EC-75226AB358F8}.Debug|Any CPU.ActiveCfg = Debug|Any CPU
		{9995C744-A3EC-4149-B7EC-75226AB358F8}.Debug|Any CPU.Build.0 = Debug|Any CPU
		{9995C744-A3EC-4149-B7EC-75226AB358F8}.Release|Any CPU.ActiveCfg = Release|Any CPU
		{9995C744-A3EC-4149-B7EC-75226AB358F8}.Release|Any CPU.Build.0 = Release|Any CPU
		{730BF049-30DE-41CC-A77D-C324D33B7A83}.Debug|Any CPU.ActiveCfg = Debug|Any CPU
		{730BF049-30DE-41CC-A77D-C324D33B7A83}.Debug|Any CPU.Build.0 = Debug|Any CPU
		{730BF049-30DE-41CC-A77D-C324D33B7A83}.Release|Any CPU.ActiveCfg = Release|Any CPU
		{730BF049-30DE-41CC-A77D-C324D33B7A83}.Release|Any CPU.Build.0 = Release|Any CPU
		{BACE0FB5-EF21-4726-B56A-900B9D6393D3}.Debug|Any CPU.ActiveCfg = Debug|Any CPU
		{BACE0FB5-EF21-4726-B56A-900B9D6393D3}.Debug|Any CPU.Build.0 = Debug|Any CPU
		{BACE0FB5-EF21-4726-B56A-900B9D6393D3}.Release|Any CPU.ActiveCfg = Release|Any CPU
		{BACE0FB5-EF21-4726-B56A-900B9D6393D3}.Release|Any CPU.Build.0 = Release|Any CPU
		{FB27D086-804E-4D23-A0BC-4B6D951ED732}.Debug|Any CPU.ActiveCfg = Debug|Any CPU
		{FB27D086-804E-4D23-A0BC-4B6D951ED732}.Debug|Any CPU.Build.0 = Debug|Any CPU
		{FB27D086-804E-4D23-A0BC-4B6D951ED732}.Release|Any CPU.ActiveCfg = Release|Any CPU
		{FB27D086-804E-4D23-A0BC-4B6D951ED732}.Release|Any CPU.Build.0 = Release|Any CPU
		{FF438F6B-B22A-458C-B470-5DA73B4E5E6B}.Debug|Any CPU.ActiveCfg = Debug|Any CPU
		{FF438F6B-B22A-458C-B470-5DA73B4E5E6B}.Debug|Any CPU.Build.0 = Debug|Any CPU
		{FF438F6B-B22A-458C-B470-5DA73B4E5E6B}.Release|Any CPU.ActiveCfg = Release|Any CPU
		{FF438F6B-B22A-458C-B470-5DA73B4E5E6B}.Release|Any CPU.Build.0 = Release|Any CPU
		{5C444730-8B68-4970-BA0F-B7FA7D97714A}.Debug|Any CPU.ActiveCfg = Debug|Any CPU
		{5C444730-8B68-4970-BA0F-B7FA7D97714A}.Debug|Any CPU.Build.0 = Debug|Any CPU
		{5C444730-8B68-4970-BA0F-B7FA7D97714A}.Release|Any CPU.ActiveCfg = Release|Any CPU
		{5C444730-8B68-4970-BA0F-B7FA7D97714A}.Release|Any CPU.Build.0 = Release|Any CPU
		{868AD6EA-77CC-4658-8DBD-7FBDD7AB78CD}.Debug|Any CPU.ActiveCfg = Debug|Any CPU
		{868AD6EA-77CC-4658-8DBD-7FBDD7AB78CD}.Debug|Any CPU.Build.0 = Debug|Any CPU
		{868AD6EA-77CC-4658-8DBD-7FBDD7AB78CD}.Release|Any CPU.ActiveCfg = Release|Any CPU
		{868AD6EA-77CC-4658-8DBD-7FBDD7AB78CD}.Release|Any CPU.Build.0 = Release|Any CPU
		{B0CD8915-E1EA-40FE-A90E-A8BEB4B0345C}.Debug|Any CPU.ActiveCfg = Debug|Any CPU
		{B0CD8915-E1EA-40FE-A90E-A8BEB4B0345C}.Debug|Any CPU.Build.0 = Debug|Any CPU
		{B0CD8915-E1EA-40FE-A90E-A8BEB4B0345C}.Release|Any CPU.ActiveCfg = Release|Any CPU
		{B0CD8915-E1EA-40FE-A90E-A8BEB4B0345C}.Release|Any CPU.Build.0 = Release|Any CPU
		{75A0C080-CD54-4969-823E-F4750FE0E19A}.Debug|Any CPU.ActiveCfg = Debug|Any CPU
		{75A0C080-CD54-4969-823E-F4750FE0E19A}.Debug|Any CPU.Build.0 = Debug|Any CPU
		{75A0C080-CD54-4969-823E-F4750FE0E19A}.Release|Any CPU.ActiveCfg = Release|Any CPU
		{75A0C080-CD54-4969-823E-F4750FE0E19A}.Release|Any CPU.Build.0 = Release|Any CPU
		{0207A260-8246-487C-B273-8709B28D4AA0}.Debug|Any CPU.ActiveCfg = Debug|Any CPU
		{0207A260-8246-487C-B273-8709B28D4AA0}.Debug|Any CPU.Build.0 = Debug|Any CPU
		{0207A260-8246-487C-B273-8709B28D4AA0}.Release|Any CPU.ActiveCfg = Release|Any CPU
		{0207A260-8246-487C-B273-8709B28D4AA0}.Release|Any CPU.Build.0 = Release|Any CPU
	EndGlobalSection
	GlobalSection(SolutionProperties) = preSolution
		HideSolutionNode = FALSE
	EndGlobalSection
	GlobalSection(NestedProjects) = preSolution
		{730BF049-30DE-41CC-A77D-C324D33B7A83} = {4A99F8F6-100E-4F1A-945C-D7A6E7F54461}
		{BACE0FB5-EF21-4726-B56A-900B9D6393D3} = {4A99F8F6-100E-4F1A-945C-D7A6E7F54461}
		{FB27D086-804E-4D23-A0BC-4B6D951ED732} = {4A99F8F6-100E-4F1A-945C-D7A6E7F54461}
		{B12EDA7E-CC80-4B4E-93AD-66DEEE0434FD} = {9DB89EF9-4906-451B-947F-2CB25E0E33F1}
		{984FECA5-7DB2-468C-B4B3-EA64720DC978} = {9DB89EF9-4906-451B-947F-2CB25E0E33F1}
		{9995C744-A3EC-4149-B7EC-75226AB358F8} = {9DB89EF9-4906-451B-947F-2CB25E0E33F1}
		{5C444730-8B68-4970-BA0F-B7FA7D97714A} = {CF1A7A95-6B4D-4359-93BD-7994E12CE1FE}
		{FF438F6B-B22A-458C-B470-5DA73B4E5E6B} = {CF1A7A95-6B4D-4359-93BD-7994E12CE1FE}
		{868AD6EA-77CC-4658-8DBD-7FBDD7AB78CD} = {CF1A7A95-6B4D-4359-93BD-7994E12CE1FE}
		{B0CD8915-E1EA-40FE-A90E-A8BEB4B0345C} = {127097FD-CEAD-4F2A-9F70-67C815E77D45}
		{75A0C080-CD54-4969-823E-F4750FE0E19A} = {127097FD-CEAD-4F2A-9F70-67C815E77D45}
		{0207A260-8246-487C-B273-8709B28D4AA0} = {127097FD-CEAD-4F2A-9F70-67C815E77D45}
	EndGlobalSection
	GlobalSection(ExtensibilityGlobals) = postSolution
		SolutionGuid = {DB249DC8-BB8F-4BD8-A5D6-2206C1BC3442}
	EndGlobalSection
EndGlobal
