
Microsoft Visual Studio Solution File, Format Version 12.00
# Visual Studio Version 17
VisualStudioVersion = 17.1.32319.34
MinimumVisualStudioVersion = 10.0.40219.1
Project("{9A19103F-16F7-4668-BE54-9A1E7A4F7556}") = "Geometrician.Curves", "Geometrician.Curves\src\Geometrician.Curves.csproj", "{B4AE41A8-DF28-4405-9CAD-6922FE869740}"
EndProject
Project("{9A19103F-16F7-4668-BE54-9A1E7A4F7556}") = "Geometrician.Curves.Tests", "Geometrician.Curves\tests\Geometrician.Curves.Tests.csproj", "{58F45B15-0759-451C-BEFF-4031A76B2AA9}"
EndProject
Project("{9A19103F-16F7-4668-BE54-9A1E7A4F7556}") = "Geometrician.Core", "Geometrician.Core\src\Geometrician.Core.csproj", "{DD74D331-9F85-489F-988D-BF60D367DD0A}"
EndProject
Project("{2150E333-8FDC-42A3-9474-1A3956D46DE8}") = "Core", "Core", "{DA7B57FA-5CD1-4DEF-9A9A-9690F4036F18}"
EndProject
Project("{9A19103F-16F7-4668-BE54-9A1E7A4F7556}") = "Geometrician.Core.Tests", "Geometrician.Core\tests\Geometrician.Core.Tests.csproj", "{8D32AE72-8DFE-48C2-935E-0433A6A08EA4}"
EndProject
Project("{9A19103F-16F7-4668-BE54-9A1E7A4F7556}") = "Geometrician.Masterplanning", "Geometrician.Masterplanning\src\Geometrician.Masterplanning.csproj", "{0AFB97AA-D3EE-4B52-B9E6-AE0FD7196BD9}"
EndProject
Project("{9A19103F-16F7-4668-BE54-9A1E7A4F7556}") = "Geometrician.Masterplanning.Tests", "Geometrician.Masterplanning\tests\Geometrician.Masterplanning.Tests.csproj", "{92839D8A-F585-4600-8C51-4F34FF65C271}"
EndProject
Project("{2150E333-8FDC-42A3-9474-1A3956D46DE8}") = "Experimental", "Experimental", "{3DAFB3F2-1E7C-4F25-97A4-795838151002}"
EndProject
Project("{2150E333-8FDC-42A3-9474-1A3956D46DE8}") = "Distribution", "Distribution", "{CB1AC6BE-973E-4421-8FAC-27173D79BC9A}"
EndProject
Project("{9A19103F-16F7-4668-BE54-9A1E7A4F7556}") = "Geometrician.Flex", "Geometrician.Flex\src\Geometrician.Flex.csproj", "{3520DB57-30A9-43CE-A678-DA340C3BDD33}"
EndProject
Project("{9A19103F-16F7-4668-BE54-9A1E7A4F7556}") = "Geometrician.Flex.Tests", "Geometrician.Flex\tests\Geometrician.Flex.Tests.csproj", "{8A426AF2-C1F6-4B72-A31E-2CB01379F360}"
EndProject
Project("{9A19103F-16F7-4668-BE54-9A1E7A4F7556}") = "Geometrician.Flex.Samples", "Geometrician.Flex\samples\Geometrician.Flex.Samples.csproj", "{56CE00A2-E797-437E-B15A-1D7223FB201C}"
EndProject
Project("{2150E333-8FDC-42A3-9474-1A3956D46DE8}") = "Drawings", "Drawings", "{0B6826CF-C410-4CDA-9051-C9E52C3133F0}"
EndProject
Project("{9A19103F-16F7-4668-BE54-9A1E7A4F7556}") = "Geometrician.Drawings", "Geometrician.Drawings\src\Geometrician.Drawings.csproj", "{28A1C60D-1006-49F2-99DC-5DCD048157F6}"
EndProject
Project("{9A19103F-16F7-4668-BE54-9A1E7A4F7556}") = "Geometrician.Drawings.Tests", "Geometrician.Drawings\tests\Geometrician.Drawings.Tests.csproj", "{E802F69B-99C0-487D-A741-457FB348E72C}"
EndProject
Project("{9A19103F-16F7-4668-BE54-9A1E7A4F7556}") = "Geometrician.SVG", "Geometrician.SVG\src\Geometrician.SVG.csproj", "{3CC40E96-798B-4673-AE2F-ED3EDFF54D9C}"
EndProject
Project("{9A19103F-16F7-4668-BE54-9A1E7A4F7556}") = "Geometrician.SVG.Tests", "Geometrician.SVG\tests\Geometrician.SVG.Tests.csproj", "{EE6CF303-F48F-4676-9A10-BA9638A8A7C3}"
EndProject
Project("{2150E333-8FDC-42A3-9474-1A3956D46DE8}") = "Diagnostics", "Diagnostics", "{1DA041CF-77AA-4489-A353-99206FC09556}"
EndProject
Project("{9A19103F-16F7-4668-BE54-9A1E7A4F7556}") = "Geometrician.PDF", "Geometrician.PDF\src\Geometrician.PDF.csproj", "{6DFED7D0-2C62-46BE-8F84-EAE558D128A1}"
EndProject
Project("{9A19103F-16F7-4668-BE54-9A1E7A4F7556}") = "Geometrician.PDF.Tests", "Geometrician.PDF\tests\Geometrician.PDF.Tests.csproj", "{F55374A1-A303-4FC1-8E79-FBF401BBBF43}"
EndProject
Project("{9A19103F-16F7-4668-BE54-9A1E7A4F7556}") = "Geometrician.Drawings.Benchmarks", "Geometrician.Drawings\benchmarks\Geometrician.Drawings.Benchmarks.csproj", "{A791B401-4CFF-4343-BB66-BCD785564C82}"
EndProject
Project("{FAE04EC0-301F-11D3-BF4B-00C04F79EFBC}") = "Geometrician.IFC", "Geometrician.IFC\src\Geometrician.IFC.csproj", "{0A178E64-77E7-4A7A-8E04-E855B7FFB2C3}"
EndProject
Project("{FAE04EC0-301F-11D3-BF4B-00C04F79EFBC}") = "Geometrician.Drawings.Samples", "Geometrician.Drawings\samples\Geometrician.Drawings.Samples.csproj", "{8D61A1B4-068E-415B-B0A1-02FB46923919}"
EndProject
Project("{FAE04EC0-301F-11D3-BF4B-00C04F79EFBC}") = "Geometrician.Workflows.Samples", "Geometrician.Workflows\samples\Geometrician.Workflows.Samples.csproj", "{984FECA5-7DB2-468C-B4B3-EA64720DC978}"
EndProject
Project("{FAE04EC0-301F-11D3-BF4B-00C04F79EFBC}") = "Geometrician.Workflows", "Geometrician.Workflows\src\Geometrician.Workflows.csproj", "{B12EDA7E-CC80-4B4E-93AD-66DEEE0434FD}"
EndProject
Project("{FAE04EC0-301F-11D3-BF4B-00C04F79EFBC}") = "Geometrician.Workflows.Tests", "Geometrician.Workflows\tests\Geometrician.Workflows.Tests.csproj", "{9995C744-A3EC-4149-B7EC-75226AB358F8}"
EndProject
Project("{FAE04EC0-301F-11D3-BF4B-00C04F79EFBC}") = "Geometrician.Diagnostics", "Geometrician.Diagnostics\src\Geometrician.Diagnostics.csproj", "{BBE73CDF-44B4-48B5-867F-89BF39A0AF4C}"
EndProject
Project("{FAE04EC0-301F-11D3-BF4B-00C04F79EFBC}") = "Geometrician.Diagnostics.Tests", "Geometrician.Diagnostics\tests\Geometrician.Diagnostics.Tests.csproj", "{A0C9B3FD-E4EF-4CC5-942A-37D8F6A2C89F}"
EndProject
Project("{FAE04EC0-301F-11D3-BF4B-00C04F79EFBC}") = "Geometrician.Diagnostics.Samples", "Geometrician.Diagnostics\samples\Geometrician.Diagnostics.Samples.csproj", "{34BC15B7-E6F9-4ADE-BD9B-E7A4667447C7}"
EndProject
Project("{FAE04EC0-301F-11D3-BF4B-00C04F79EFBC}") = "Geometrician.Diagnostics.NUnit", "Geometrician.Diagnostics.NUnit\src\Geometrician.Diagnostics.NUnit.csproj", "{59A1DFFE-52CD-43B7-A27C-36970F82F076}"
EndProject
Project("{2150E333-8FDC-42A3-9474-1A3956D46DE8}") = "Workflows", "Workflows", "{D6DA2538-7FED-411F-8A32-206D20EEF375}"
EndProject
Project("{FAE04EC0-301F-11D3-BF4B-00C04F79EFBC}") = "StudioLE.Workflows.Samples", "StudioLE.Workflows\samples\StudioLE.Workflows.Samples.csproj", "{A3441BB2-1DB9-42D5-A548-C1CDF4768921}"
EndProject
Project("{FAE04EC0-301F-11D3-BF4B-00C04F79EFBC}") = "StudioLE.Workflows", "StudioLE.Workflows\src\StudioLE.Workflows.csproj", "{C81DC0B8-FDF9-4AC8-A108-6C5019FE149B}"
EndProject
Project("{FAE04EC0-301F-11D3-BF4B-00C04F79EFBC}") = "StudioLE.Workflows.Tests", "StudioLE.Workflows\tests\StudioLE.Workflows.Tests.csproj", "{7685847C-ABDF-40AC-BDAD-FE159E3D4E49}"
EndProject
Project("{FAE04EC0-301F-11D3-BF4B-00C04F79EFBC}") = "StudioLE.Workflows.NUnit.Samples", "StudioLE.Workflows.NUnit\samples\StudioLE.Workflows.NUnit.Samples.csproj", "{15CC6FD2-D2DA-40B0-8568-B31DA316E8AF}"
EndProject
Project("{FAE04EC0-301F-11D3-BF4B-00C04F79EFBC}") = "StudioLE.Workflows.NUnit", "StudioLE.Workflows.NUnit\src\StudioLE.Workflows.NUnit.csproj", "{4E10A876-A3CD-4FD3-9704-9F00E709581D}"
EndProject
Project("{FAE04EC0-301F-11D3-BF4B-00C04F79EFBC}") = "StudioLE.Workflows.NUnit.Tests", "StudioLE.Workflows.NUnit\tests\StudioLE.Workflows.NUnit.Tests.csproj", "{0DFAFED8-DD21-4ED8-877F-56CB3BED7F6A}"
EndProject
Global
	GlobalSection(SolutionConfigurationPlatforms) = preSolution
		Debug|Any CPU = Debug|Any CPU
		Release|Any CPU = Release|Any CPU
	EndGlobalSection
	GlobalSection(ProjectConfigurationPlatforms) = postSolution
		{B4AE41A8-DF28-4405-9CAD-6922FE869740}.Debug|Any CPU.ActiveCfg = Debug|Any CPU
		{B4AE41A8-DF28-4405-9CAD-6922FE869740}.Debug|Any CPU.Build.0 = Debug|Any CPU
		{B4AE41A8-DF28-4405-9CAD-6922FE869740}.Release|Any CPU.ActiveCfg = Release|Any CPU
		{B4AE41A8-DF28-4405-9CAD-6922FE869740}.Release|Any CPU.Build.0 = Release|Any CPU
		{58F45B15-0759-451C-BEFF-4031A76B2AA9}.Debug|Any CPU.ActiveCfg = Debug|Any CPU
		{58F45B15-0759-451C-BEFF-4031A76B2AA9}.Debug|Any CPU.Build.0 = Debug|Any CPU
		{58F45B15-0759-451C-BEFF-4031A76B2AA9}.Release|Any CPU.ActiveCfg = Release|Any CPU
		{58F45B15-0759-451C-BEFF-4031A76B2AA9}.Release|Any CPU.Build.0 = Release|Any CPU
		{DD74D331-9F85-489F-988D-BF60D367DD0A}.Debug|Any CPU.ActiveCfg = Debug|Any CPU
		{DD74D331-9F85-489F-988D-BF60D367DD0A}.Debug|Any CPU.Build.0 = Debug|Any CPU
		{DD74D331-9F85-489F-988D-BF60D367DD0A}.Release|Any CPU.ActiveCfg = Release|Any CPU
		{DD74D331-9F85-489F-988D-BF60D367DD0A}.Release|Any CPU.Build.0 = Release|Any CPU
		{8D32AE72-8DFE-48C2-935E-0433A6A08EA4}.Debug|Any CPU.ActiveCfg = Debug|Any CPU
		{8D32AE72-8DFE-48C2-935E-0433A6A08EA4}.Debug|Any CPU.Build.0 = Debug|Any CPU
		{8D32AE72-8DFE-48C2-935E-0433A6A08EA4}.Release|Any CPU.ActiveCfg = Release|Any CPU
		{8D32AE72-8DFE-48C2-935E-0433A6A08EA4}.Release|Any CPU.Build.0 = Release|Any CPU
		{0AFB97AA-D3EE-4B52-B9E6-AE0FD7196BD9}.Debug|Any CPU.ActiveCfg = Debug|Any CPU
		{0AFB97AA-D3EE-4B52-B9E6-AE0FD7196BD9}.Debug|Any CPU.Build.0 = Debug|Any CPU
		{0AFB97AA-D3EE-4B52-B9E6-AE0FD7196BD9}.Release|Any CPU.ActiveCfg = Release|Any CPU
		{0AFB97AA-D3EE-4B52-B9E6-AE0FD7196BD9}.Release|Any CPU.Build.0 = Release|Any CPU
		{92839D8A-F585-4600-8C51-4F34FF65C271}.Debug|Any CPU.ActiveCfg = Debug|Any CPU
		{92839D8A-F585-4600-8C51-4F34FF65C271}.Debug|Any CPU.Build.0 = Debug|Any CPU
		{92839D8A-F585-4600-8C51-4F34FF65C271}.Release|Any CPU.ActiveCfg = Release|Any CPU
		{92839D8A-F585-4600-8C51-4F34FF65C271}.Release|Any CPU.Build.0 = Release|Any CPU
		{3520DB57-30A9-43CE-A678-DA340C3BDD33}.Debug|Any CPU.ActiveCfg = Debug|Any CPU
		{3520DB57-30A9-43CE-A678-DA340C3BDD33}.Debug|Any CPU.Build.0 = Debug|Any CPU
		{3520DB57-30A9-43CE-A678-DA340C3BDD33}.Release|Any CPU.ActiveCfg = Release|Any CPU
		{3520DB57-30A9-43CE-A678-DA340C3BDD33}.Release|Any CPU.Build.0 = Release|Any CPU
		{8A426AF2-C1F6-4B72-A31E-2CB01379F360}.Debug|Any CPU.ActiveCfg = Debug|Any CPU
		{8A426AF2-C1F6-4B72-A31E-2CB01379F360}.Debug|Any CPU.Build.0 = Debug|Any CPU
		{8A426AF2-C1F6-4B72-A31E-2CB01379F360}.Release|Any CPU.ActiveCfg = Release|Any CPU
		{8A426AF2-C1F6-4B72-A31E-2CB01379F360}.Release|Any CPU.Build.0 = Release|Any CPU
		{56CE00A2-E797-437E-B15A-1D7223FB201C}.Debug|Any CPU.ActiveCfg = Debug|Any CPU
		{56CE00A2-E797-437E-B15A-1D7223FB201C}.Debug|Any CPU.Build.0 = Debug|Any CPU
		{56CE00A2-E797-437E-B15A-1D7223FB201C}.Release|Any CPU.ActiveCfg = Release|Any CPU
		{56CE00A2-E797-437E-B15A-1D7223FB201C}.Release|Any CPU.Build.0 = Release|Any CPU
		{28A1C60D-1006-49F2-99DC-5DCD048157F6}.Debug|Any CPU.ActiveCfg = Debug|Any CPU
		{28A1C60D-1006-49F2-99DC-5DCD048157F6}.Debug|Any CPU.Build.0 = Debug|Any CPU
		{28A1C60D-1006-49F2-99DC-5DCD048157F6}.Release|Any CPU.ActiveCfg = Release|Any CPU
		{28A1C60D-1006-49F2-99DC-5DCD048157F6}.Release|Any CPU.Build.0 = Release|Any CPU
		{E802F69B-99C0-487D-A741-457FB348E72C}.Debug|Any CPU.ActiveCfg = Debug|Any CPU
		{E802F69B-99C0-487D-A741-457FB348E72C}.Debug|Any CPU.Build.0 = Debug|Any CPU
		{E802F69B-99C0-487D-A741-457FB348E72C}.Release|Any CPU.ActiveCfg = Release|Any CPU
		{E802F69B-99C0-487D-A741-457FB348E72C}.Release|Any CPU.Build.0 = Release|Any CPU
		{3CC40E96-798B-4673-AE2F-ED3EDFF54D9C}.Debug|Any CPU.ActiveCfg = Debug|Any CPU
		{3CC40E96-798B-4673-AE2F-ED3EDFF54D9C}.Debug|Any CPU.Build.0 = Debug|Any CPU
		{3CC40E96-798B-4673-AE2F-ED3EDFF54D9C}.Release|Any CPU.ActiveCfg = Release|Any CPU
		{3CC40E96-798B-4673-AE2F-ED3EDFF54D9C}.Release|Any CPU.Build.0 = Release|Any CPU
		{EE6CF303-F48F-4676-9A10-BA9638A8A7C3}.Debug|Any CPU.ActiveCfg = Debug|Any CPU
		{EE6CF303-F48F-4676-9A10-BA9638A8A7C3}.Debug|Any CPU.Build.0 = Debug|Any CPU
		{EE6CF303-F48F-4676-9A10-BA9638A8A7C3}.Release|Any CPU.ActiveCfg = Release|Any CPU
		{EE6CF303-F48F-4676-9A10-BA9638A8A7C3}.Release|Any CPU.Build.0 = Release|Any CPU
		{6DFED7D0-2C62-46BE-8F84-EAE558D128A1}.Debug|Any CPU.ActiveCfg = Debug|Any CPU
		{6DFED7D0-2C62-46BE-8F84-EAE558D128A1}.Debug|Any CPU.Build.0 = Debug|Any CPU
		{6DFED7D0-2C62-46BE-8F84-EAE558D128A1}.Release|Any CPU.ActiveCfg = Release|Any CPU
		{6DFED7D0-2C62-46BE-8F84-EAE558D128A1}.Release|Any CPU.Build.0 = Release|Any CPU
		{F55374A1-A303-4FC1-8E79-FBF401BBBF43}.Debug|Any CPU.ActiveCfg = Debug|Any CPU
		{F55374A1-A303-4FC1-8E79-FBF401BBBF43}.Debug|Any CPU.Build.0 = Debug|Any CPU
		{F55374A1-A303-4FC1-8E79-FBF401BBBF43}.Release|Any CPU.ActiveCfg = Release|Any CPU
		{F55374A1-A303-4FC1-8E79-FBF401BBBF43}.Release|Any CPU.Build.0 = Release|Any CPU
		{A791B401-4CFF-4343-BB66-BCD785564C82}.Debug|Any CPU.ActiveCfg = Release|Any CPU
		{A791B401-4CFF-4343-BB66-BCD785564C82}.Debug|Any CPU.Build.0 = Release|Any CPU
		{A791B401-4CFF-4343-BB66-BCD785564C82}.Release|Any CPU.ActiveCfg = Release|Any CPU
		{A791B401-4CFF-4343-BB66-BCD785564C82}.Release|Any CPU.Build.0 = Release|Any CPU
		{0A178E64-77E7-4A7A-8E04-E855B7FFB2C3}.Debug|Any CPU.ActiveCfg = Debug|Any CPU
		{0A178E64-77E7-4A7A-8E04-E855B7FFB2C3}.Debug|Any CPU.Build.0 = Debug|Any CPU
		{0A178E64-77E7-4A7A-8E04-E855B7FFB2C3}.Release|Any CPU.ActiveCfg = Release|Any CPU
		{0A178E64-77E7-4A7A-8E04-E855B7FFB2C3}.Release|Any CPU.Build.0 = Release|Any CPU
		{8D61A1B4-068E-415B-B0A1-02FB46923919}.Debug|Any CPU.ActiveCfg = Debug|Any CPU
		{8D61A1B4-068E-415B-B0A1-02FB46923919}.Debug|Any CPU.Build.0 = Debug|Any CPU
		{8D61A1B4-068E-415B-B0A1-02FB46923919}.Release|Any CPU.ActiveCfg = Release|Any CPU
		{8D61A1B4-068E-415B-B0A1-02FB46923919}.Release|Any CPU.Build.0 = Release|Any CPU
		{984FECA5-7DB2-468C-B4B3-EA64720DC978}.Debug|Any CPU.ActiveCfg = Debug|Any CPU
		{984FECA5-7DB2-468C-B4B3-EA64720DC978}.Debug|Any CPU.Build.0 = Debug|Any CPU
		{984FECA5-7DB2-468C-B4B3-EA64720DC978}.Release|Any CPU.ActiveCfg = Release|Any CPU
		{984FECA5-7DB2-468C-B4B3-EA64720DC978}.Release|Any CPU.Build.0 = Release|Any CPU
		{B12EDA7E-CC80-4B4E-93AD-66DEEE0434FD}.Debug|Any CPU.ActiveCfg = Debug|Any CPU
		{B12EDA7E-CC80-4B4E-93AD-66DEEE0434FD}.Debug|Any CPU.Build.0 = Debug|Any CPU
		{B12EDA7E-CC80-4B4E-93AD-66DEEE0434FD}.Release|Any CPU.ActiveCfg = Release|Any CPU
		{B12EDA7E-CC80-4B4E-93AD-66DEEE0434FD}.Release|Any CPU.Build.0 = Release|Any CPU
		{9995C744-A3EC-4149-B7EC-75226AB358F8}.Debug|Any CPU.ActiveCfg = Debug|Any CPU
		{9995C744-A3EC-4149-B7EC-75226AB358F8}.Debug|Any CPU.Build.0 = Debug|Any CPU
		{9995C744-A3EC-4149-B7EC-75226AB358F8}.Release|Any CPU.ActiveCfg = Release|Any CPU
		{9995C744-A3EC-4149-B7EC-75226AB358F8}.Release|Any CPU.Build.0 = Release|Any CPU
		{BBE73CDF-44B4-48B5-867F-89BF39A0AF4C}.Debug|Any CPU.ActiveCfg = Debug|Any CPU
		{BBE73CDF-44B4-48B5-867F-89BF39A0AF4C}.Debug|Any CPU.Build.0 = Debug|Any CPU
		{BBE73CDF-44B4-48B5-867F-89BF39A0AF4C}.Release|Any CPU.ActiveCfg = Release|Any CPU
		{BBE73CDF-44B4-48B5-867F-89BF39A0AF4C}.Release|Any CPU.Build.0 = Release|Any CPU
		{A0C9B3FD-E4EF-4CC5-942A-37D8F6A2C89F}.Debug|Any CPU.ActiveCfg = Debug|Any CPU
		{A0C9B3FD-E4EF-4CC5-942A-37D8F6A2C89F}.Debug|Any CPU.Build.0 = Debug|Any CPU
		{A0C9B3FD-E4EF-4CC5-942A-37D8F6A2C89F}.Release|Any CPU.ActiveCfg = Release|Any CPU
		{A0C9B3FD-E4EF-4CC5-942A-37D8F6A2C89F}.Release|Any CPU.Build.0 = Release|Any CPU
		{34BC15B7-E6F9-4ADE-BD9B-E7A4667447C7}.Debug|Any CPU.ActiveCfg = Debug|Any CPU
		{34BC15B7-E6F9-4ADE-BD9B-E7A4667447C7}.Debug|Any CPU.Build.0 = Debug|Any CPU
		{34BC15B7-E6F9-4ADE-BD9B-E7A4667447C7}.Release|Any CPU.ActiveCfg = Release|Any CPU
		{34BC15B7-E6F9-4ADE-BD9B-E7A4667447C7}.Release|Any CPU.Build.0 = Release|Any CPU
		{59A1DFFE-52CD-43B7-A27C-36970F82F076}.Debug|Any CPU.ActiveCfg = Debug|Any CPU
		{59A1DFFE-52CD-43B7-A27C-36970F82F076}.Debug|Any CPU.Build.0 = Debug|Any CPU
		{59A1DFFE-52CD-43B7-A27C-36970F82F076}.Release|Any CPU.ActiveCfg = Release|Any CPU
		{59A1DFFE-52CD-43B7-A27C-36970F82F076}.Release|Any CPU.Build.0 = Release|Any CPU
		{A3441BB2-1DB9-42D5-A548-C1CDF4768921}.Debug|Any CPU.ActiveCfg = Debug|Any CPU
		{A3441BB2-1DB9-42D5-A548-C1CDF4768921}.Debug|Any CPU.Build.0 = Debug|Any CPU
		{A3441BB2-1DB9-42D5-A548-C1CDF4768921}.Release|Any CPU.ActiveCfg = Release|Any CPU
		{A3441BB2-1DB9-42D5-A548-C1CDF4768921}.Release|Any CPU.Build.0 = Release|Any CPU
		{C81DC0B8-FDF9-4AC8-A108-6C5019FE149B}.Debug|Any CPU.ActiveCfg = Debug|Any CPU
		{C81DC0B8-FDF9-4AC8-A108-6C5019FE149B}.Debug|Any CPU.Build.0 = Debug|Any CPU
		{C81DC0B8-FDF9-4AC8-A108-6C5019FE149B}.Release|Any CPU.ActiveCfg = Release|Any CPU
		{C81DC0B8-FDF9-4AC8-A108-6C5019FE149B}.Release|Any CPU.Build.0 = Release|Any CPU
		{7685847C-ABDF-40AC-BDAD-FE159E3D4E49}.Debug|Any CPU.ActiveCfg = Debug|Any CPU
		{7685847C-ABDF-40AC-BDAD-FE159E3D4E49}.Debug|Any CPU.Build.0 = Debug|Any CPU
		{7685847C-ABDF-40AC-BDAD-FE159E3D4E49}.Release|Any CPU.ActiveCfg = Release|Any CPU
		{7685847C-ABDF-40AC-BDAD-FE159E3D4E49}.Release|Any CPU.Build.0 = Release|Any CPU
		{15CC6FD2-D2DA-40B0-8568-B31DA316E8AF}.Debug|Any CPU.ActiveCfg = Debug|Any CPU
		{15CC6FD2-D2DA-40B0-8568-B31DA316E8AF}.Debug|Any CPU.Build.0 = Debug|Any CPU
		{15CC6FD2-D2DA-40B0-8568-B31DA316E8AF}.Release|Any CPU.ActiveCfg = Release|Any CPU
		{15CC6FD2-D2DA-40B0-8568-B31DA316E8AF}.Release|Any CPU.Build.0 = Release|Any CPU
		{4E10A876-A3CD-4FD3-9704-9F00E709581D}.Debug|Any CPU.ActiveCfg = Debug|Any CPU
		{4E10A876-A3CD-4FD3-9704-9F00E709581D}.Debug|Any CPU.Build.0 = Debug|Any CPU
		{4E10A876-A3CD-4FD3-9704-9F00E709581D}.Release|Any CPU.ActiveCfg = Release|Any CPU
		{4E10A876-A3CD-4FD3-9704-9F00E709581D}.Release|Any CPU.Build.0 = Release|Any CPU
		{0DFAFED8-DD21-4ED8-877F-56CB3BED7F6A}.Debug|Any CPU.ActiveCfg = Debug|Any CPU
		{0DFAFED8-DD21-4ED8-877F-56CB3BED7F6A}.Debug|Any CPU.Build.0 = Debug|Any CPU
		{0DFAFED8-DD21-4ED8-877F-56CB3BED7F6A}.Release|Any CPU.ActiveCfg = Release|Any CPU
		{0DFAFED8-DD21-4ED8-877F-56CB3BED7F6A}.Release|Any CPU.Build.0 = Release|Any CPU
	EndGlobalSection
	GlobalSection(SolutionProperties) = preSolution
		HideSolutionNode = FALSE
	EndGlobalSection
	GlobalSection(NestedProjects) = preSolution
		{DD74D331-9F85-489F-988D-BF60D367DD0A} = {DA7B57FA-5CD1-4DEF-9A9A-9690F4036F18}
		{8D32AE72-8DFE-48C2-935E-0433A6A08EA4} = {DA7B57FA-5CD1-4DEF-9A9A-9690F4036F18}
		{0AFB97AA-D3EE-4B52-B9E6-AE0FD7196BD9} = {3DAFB3F2-1E7C-4F25-97A4-795838151002}
		{92839D8A-F585-4600-8C51-4F34FF65C271} = {3DAFB3F2-1E7C-4F25-97A4-795838151002}
		{3520DB57-30A9-43CE-A678-DA340C3BDD33} = {CB1AC6BE-973E-4421-8FAC-27173D79BC9A}
		{8A426AF2-C1F6-4B72-A31E-2CB01379F360} = {CB1AC6BE-973E-4421-8FAC-27173D79BC9A}
		{56CE00A2-E797-437E-B15A-1D7223FB201C} = {CB1AC6BE-973E-4421-8FAC-27173D79BC9A}
		{28A1C60D-1006-49F2-99DC-5DCD048157F6} = {0B6826CF-C410-4CDA-9051-C9E52C3133F0}
		{E802F69B-99C0-487D-A741-457FB348E72C} = {0B6826CF-C410-4CDA-9051-C9E52C3133F0}
		{3CC40E96-798B-4673-AE2F-ED3EDFF54D9C} = {0B6826CF-C410-4CDA-9051-C9E52C3133F0}
		{EE6CF303-F48F-4676-9A10-BA9638A8A7C3} = {0B6826CF-C410-4CDA-9051-C9E52C3133F0}
		{6DFED7D0-2C62-46BE-8F84-EAE558D128A1} = {0B6826CF-C410-4CDA-9051-C9E52C3133F0}
		{F55374A1-A303-4FC1-8E79-FBF401BBBF43} = {0B6826CF-C410-4CDA-9051-C9E52C3133F0}
		{A791B401-4CFF-4343-BB66-BCD785564C82} = {0B6826CF-C410-4CDA-9051-C9E52C3133F0}
		{B4AE41A8-DF28-4405-9CAD-6922FE869740} = {3DAFB3F2-1E7C-4F25-97A4-795838151002}
		{58F45B15-0759-451C-BEFF-4031A76B2AA9} = {3DAFB3F2-1E7C-4F25-97A4-795838151002}
		{0A178E64-77E7-4A7A-8E04-E855B7FFB2C3} = {3DAFB3F2-1E7C-4F25-97A4-795838151002}
		{8D61A1B4-068E-415B-B0A1-02FB46923919} = {0B6826CF-C410-4CDA-9051-C9E52C3133F0}
		{BBE73CDF-44B4-48B5-867F-89BF39A0AF4C} = {1DA041CF-77AA-4489-A353-99206FC09556}
		{A0C9B3FD-E4EF-4CC5-942A-37D8F6A2C89F} = {1DA041CF-77AA-4489-A353-99206FC09556}
		{34BC15B7-E6F9-4ADE-BD9B-E7A4667447C7} = {1DA041CF-77AA-4489-A353-99206FC09556}
		{59A1DFFE-52CD-43B7-A27C-36970F82F076} = {1DA041CF-77AA-4489-A353-99206FC09556}
		{B12EDA7E-CC80-4B4E-93AD-66DEEE0434FD} = {D6DA2538-7FED-411F-8A32-206D20EEF375}
		{984FECA5-7DB2-468C-B4B3-EA64720DC978} = {D6DA2538-7FED-411F-8A32-206D20EEF375}
		{9995C744-A3EC-4149-B7EC-75226AB358F8} = {D6DA2538-7FED-411F-8A32-206D20EEF375}
		{A3441BB2-1DB9-42D5-A548-C1CDF4768921} = {D6DA2538-7FED-411F-8A32-206D20EEF375}
		{C81DC0B8-FDF9-4AC8-A108-6C5019FE149B} = {D6DA2538-7FED-411F-8A32-206D20EEF375}
		{7685847C-ABDF-40AC-BDAD-FE159E3D4E49} = {D6DA2538-7FED-411F-8A32-206D20EEF375}
		{15CC6FD2-D2DA-40B0-8568-B31DA316E8AF} = {D6DA2538-7FED-411F-8A32-206D20EEF375}
		{4E10A876-A3CD-4FD3-9704-9F00E709581D} = {D6DA2538-7FED-411F-8A32-206D20EEF375}
		{0DFAFED8-DD21-4ED8-877F-56CB3BED7F6A} = {D6DA2538-7FED-411F-8A32-206D20EEF375}
	EndGlobalSection
	GlobalSection(ExtensibilityGlobals) = postSolution
		SolutionGuid = {DB249DC8-BB8F-4BD8-A5D6-2206C1BC3442}
	EndGlobalSection
EndGlobal
