
Microsoft Visual Studio Solution File, Format Version 12.00
# Visual Studio Version 17
VisualStudioVersion = 17.1.32319.34
MinimumVisualStudioVersion = 10.0.40219.1
Project("{9A19103F-16F7-4668-BE54-9A1E7A4F7556}") = "Lineweights.Workflows.NUnit", "Lineweights.Workflows.NUnit\src\Lineweights.Workflows.NUnit.csproj", "{18E202EE-C9BF-4715-824D-3EBCDDB847B6}"
EndProject
Project("{9A19103F-16F7-4668-BE54-9A1E7A4F7556}") = "Lineweights.Curves", "Lineweights.Curves\src\Lineweights.Curves.csproj", "{B4AE41A8-DF28-4405-9CAD-6922FE869740}"
EndProject
Project("{9A19103F-16F7-4668-BE54-9A1E7A4F7556}") = "Lineweights.Curves.Tests", "Lineweights.Curves\tests\Lineweights.Curves.Tests.csproj", "{58F45B15-0759-451C-BEFF-4031A76B2AA9}"
EndProject
Project("{9A19103F-16F7-4668-BE54-9A1E7A4F7556}") = "Lineweights.Core", "Lineweights.Core\src\Lineweights.Core.csproj", "{DD74D331-9F85-489F-988D-BF60D367DD0A}"
EndProject
Project("{2150E333-8FDC-42A3-9474-1A3956D46DE8}") = "Core", "Core", "{DA7B57FA-5CD1-4DEF-9A9A-9690F4036F18}"
EndProject
Project("{9A19103F-16F7-4668-BE54-9A1E7A4F7556}") = "Lineweights.Core.Tests", "Lineweights.Core\tests\Lineweights.Core.Tests.csproj", "{8D32AE72-8DFE-48C2-935E-0433A6A08EA4}"
EndProject
Project("{9A19103F-16F7-4668-BE54-9A1E7A4F7556}") = "StudioLE.Core", "StudioLE.Core\src\StudioLE.Core.csproj", "{9F6DC194-4AF1-42B1-B3E3-19BB2821F0A3}"
EndProject
Project("{9A19103F-16F7-4668-BE54-9A1E7A4F7556}") = "Lineweights.Masterplanning", "Lineweights.Masterplanning\src\Lineweights.Masterplanning.csproj", "{0AFB97AA-D3EE-4B52-B9E6-AE0FD7196BD9}"
EndProject
Project("{9A19103F-16F7-4668-BE54-9A1E7A4F7556}") = "Lineweights.Masterplanning.Tests", "Lineweights.Masterplanning\tests\Lineweights.Masterplanning.Tests.csproj", "{92839D8A-F585-4600-8C51-4F34FF65C271}"
EndProject
Project("{2150E333-8FDC-42A3-9474-1A3956D46DE8}") = "Masterplanning", "Masterplanning", "{3DAFB3F2-1E7C-4F25-97A4-795838151002}"
EndProject
Project("{2150E333-8FDC-42A3-9474-1A3956D46DE8}") = "Distribution", "Distribution", "{CB1AC6BE-973E-4421-8FAC-27173D79BC9A}"
EndProject
Project("{2150E333-8FDC-42A3-9474-1A3956D46DE8}") = "Geometry", "Geometry", "{507DAA8D-B06D-4B2E-81D5-DB44A990FE85}"
EndProject
Project("{9A19103F-16F7-4668-BE54-9A1E7A4F7556}") = "Lineweights.Flex", "Lineweights.Flex\src\Lineweights.Flex.csproj", "{3520DB57-30A9-43CE-A678-DA340C3BDD33}"
EndProject
Project("{9A19103F-16F7-4668-BE54-9A1E7A4F7556}") = "Lineweights.Flex.Tests", "Lineweights.Flex\tests\Lineweights.Flex.Tests.csproj", "{8A426AF2-C1F6-4B72-A31E-2CB01379F360}"
EndProject
Project("{9A19103F-16F7-4668-BE54-9A1E7A4F7556}") = "Lineweights.Flex.Samples", "Lineweights.Flex\samples\Lineweights.Flex.Samples.csproj", "{56CE00A2-E797-437E-B15A-1D7223FB201C}"
EndProject
Project("{2150E333-8FDC-42A3-9474-1A3956D46DE8}") = "_", "_", "{31144AF5-4B12-4008-AE5B-8DA82620915F}"
	ProjectSection(SolutionItems) = preProject
		.gitignore = .gitignore
	EndProjectSection
EndProject
Project("{2150E333-8FDC-42A3-9474-1A3956D46DE8}") = "Drawings", "Drawings", "{0B6826CF-C410-4CDA-9051-C9E52C3133F0}"
EndProject
Project("{9A19103F-16F7-4668-BE54-9A1E7A4F7556}") = "Lineweights.Drawings", "Lineweights.Drawings\src\Lineweights.Drawings.csproj", "{28A1C60D-1006-49F2-99DC-5DCD048157F6}"
EndProject
Project("{9A19103F-16F7-4668-BE54-9A1E7A4F7556}") = "Lineweights.Drawings.Tests", "Lineweights.Drawings\tests\Lineweights.Drawings.Tests.csproj", "{E802F69B-99C0-487D-A741-457FB348E72C}"
EndProject
Project("{9A19103F-16F7-4668-BE54-9A1E7A4F7556}") = "Lineweights.SVG", "Lineweights.SVG\src\Lineweights.SVG.csproj", "{3CC40E96-798B-4673-AE2F-ED3EDFF54D9C}"
EndProject
Project("{9A19103F-16F7-4668-BE54-9A1E7A4F7556}") = "Lineweights.SVG.Tests", "Lineweights.SVG\tests\Lineweights.SVG.Tests.csproj", "{EE6CF303-F48F-4676-9A10-BA9638A8A7C3}"
EndProject
Project("{2150E333-8FDC-42A3-9474-1A3956D46DE8}") = "Workflows", "Workflows", "{1DA041CF-77AA-4489-A353-99206FC09556}"
EndProject
Project("{9A19103F-16F7-4668-BE54-9A1E7A4F7556}") = "Lineweights.PDF", "Lineweights.PDF\src\Lineweights.PDF.csproj", "{6DFED7D0-2C62-46BE-8F84-EAE558D128A1}"
EndProject
Project("{9A19103F-16F7-4668-BE54-9A1E7A4F7556}") = "Lineweights.PDF.Tests", "Lineweights.PDF\tests\Lineweights.PDF.Tests.csproj", "{F55374A1-A303-4FC1-8E79-FBF401BBBF43}"
EndProject
Project("{9A19103F-16F7-4668-BE54-9A1E7A4F7556}") = "Lineweights.Drawings.Benchmarks", "Lineweights.Drawings\benchmarks\Lineweights.Drawings.Benchmarks.csproj", "{A791B401-4CFF-4343-BB66-BCD785564C82}"
EndProject
Project("{9A19103F-16F7-4668-BE54-9A1E7A4F7556}") = "Lineweights.Workflows", "Lineweights.Workflows\src\Lineweights.Workflows.csproj", "{6E37DC57-D794-4387-B71F-C91A3976BB49}"
EndProject
Project("{9A19103F-16F7-4668-BE54-9A1E7A4F7556}") = "Lineweights.Workflows.Tests", "Lineweights.Workflows\tests\Lineweights.Workflows.Tests.csproj", "{702519F8-76FE-4D41-9F1F-642905ECD3F3}"
EndProject
Project("{9A19103F-16F7-4668-BE54-9A1E7A4F7556}") = "Lineweights.App.Server", "Lineweights.App.Server\src\Lineweights.App.Server.csproj", "{3F0C9FBA-1F51-4037-B195-26F8B60154E6}"
EndProject
Project("{9A19103F-16F7-4668-BE54-9A1E7A4F7556}") = "StudioLE.Core.Tests", "StudioLE.Core\tests\StudioLE.Core.Tests.csproj", "{6F06FDCF-A786-458F-AA56-DB75957369EC}"
EndProject
Project("{2150E333-8FDC-42A3-9474-1A3956D46DE8}") = "Properties", "Properties", "{F77B70F9-0ED7-4FAD-9F60-9B25834BDC23}"
	ProjectSection(SolutionItems) = preProject
		Directory.Build.props = Directory.Build.props
		GlobalProperties.src.props = GlobalProperties.src.props
		GlobalProperties.tests.props = GlobalProperties.tests.props
		GlobalUsings.src.props = GlobalUsings.src.props
		GlobalUsings.tests.props = GlobalUsings.tests.props
	EndProjectSection
EndProject
Project("{2150E333-8FDC-42A3-9474-1A3956D46DE8}") = "CI", "CI", "{8CFE3A00-762A-496C-AF11-20FE9BECDD4C}"
	ProjectSection(SolutionItems) = preProject
		.github\workflows\workflow.yml = .github\workflows\workflow.yml
	EndProjectSection
EndProject
Project("{2150E333-8FDC-42A3-9474-1A3956D46DE8}") = "Docs", "Docs", "{8066AE8C-62B4-4E7A-A238-859AA2A281CA}"
	ProjectSection(SolutionItems) = preProject
		docfx\docfx.json = docfx\docfx.json
		README.md = README.md
		.github\workflows\test.yml = .github\workflows\test.yml
		docfx\toc.yml = docfx\toc.yml
	EndProjectSection
EndProject
Project("{FAE04EC0-301F-11D3-BF4B-00C04F79EFBC}") = "Lineweights.Workflows.Samples", "Lineweights.Workflows\samples\Lineweights.Workflows.Samples.csproj", "{0A84A66C-A063-47F7-8161-AEC8022EA911}"
EndProject
Project("{FAE04EC0-301F-11D3-BF4B-00C04F79EFBC}") = "Lineweights.App.WebAssemblyAssembly", "Lineweights.App.WebAssembly\src\Lineweights.App.WebAssembly.csproj", "{1834A1DD-5E94-4C2C-ACE4-BCA40C490782}"
EndProject
Project("{FAE04EC0-301F-11D3-BF4B-00C04F79EFBC}") = "Lineweights.App.Core", "Lineweights.App.Core\src\Lineweights.App.Core.csproj", "{F5D4093C-518F-4D0A-B1CA-1AC672B2D4CF}"
EndProject
Project("{2150E333-8FDC-42A3-9474-1A3956D46DE8}") = "App", "App", "{1BC91E56-935C-40B0-A013-49CBD3511C2F}"
EndProject
Global
	GlobalSection(SolutionConfigurationPlatforms) = preSolution
		Debug|Any CPU = Debug|Any CPU
		Release|Any CPU = Release|Any CPU
	EndGlobalSection
	GlobalSection(ProjectConfigurationPlatforms) = postSolution
		{18E202EE-C9BF-4715-824D-3EBCDDB847B6}.Debug|Any CPU.ActiveCfg = Debug|Any CPU
		{18E202EE-C9BF-4715-824D-3EBCDDB847B6}.Debug|Any CPU.Build.0 = Debug|Any CPU
		{18E202EE-C9BF-4715-824D-3EBCDDB847B6}.Release|Any CPU.ActiveCfg = Release|Any CPU
		{18E202EE-C9BF-4715-824D-3EBCDDB847B6}.Release|Any CPU.Build.0 = Release|Any CPU
		{B4AE41A8-DF28-4405-9CAD-6922FE869740}.Debug|Any CPU.ActiveCfg = Debug|Any CPU
		{B4AE41A8-DF28-4405-9CAD-6922FE869740}.Debug|Any CPU.Build.0 = Debug|Any CPU
		{B4AE41A8-DF28-4405-9CAD-6922FE869740}.Release|Any CPU.ActiveCfg = Release|Any CPU
		{B4AE41A8-DF28-4405-9CAD-6922FE869740}.Release|Any CPU.Build.0 = Release|Any CPU
		{58F45B15-0759-451C-BEFF-4031A76B2AA9}.Debug|Any CPU.ActiveCfg = Debug|Any CPU
		{58F45B15-0759-451C-BEFF-4031A76B2AA9}.Debug|Any CPU.Build.0 = Debug|Any CPU
		{58F45B15-0759-451C-BEFF-4031A76B2AA9}.Release|Any CPU.ActiveCfg = Release|Any CPU
		{58F45B15-0759-451C-BEFF-4031A76B2AA9}.Release|Any CPU.Build.0 = Release|Any CPU
		{DD74D331-9F85-489F-988D-BF60D367DD0A}.Debug|Any CPU.ActiveCfg = Debug|Any CPU
		{DD74D331-9F85-489F-988D-BF60D367DD0A}.Debug|Any CPU.Build.0 = Debug|Any CPU
		{DD74D331-9F85-489F-988D-BF60D367DD0A}.Release|Any CPU.ActiveCfg = Release|Any CPU
		{DD74D331-9F85-489F-988D-BF60D367DD0A}.Release|Any CPU.Build.0 = Release|Any CPU
		{8D32AE72-8DFE-48C2-935E-0433A6A08EA4}.Debug|Any CPU.ActiveCfg = Debug|Any CPU
		{8D32AE72-8DFE-48C2-935E-0433A6A08EA4}.Debug|Any CPU.Build.0 = Debug|Any CPU
		{8D32AE72-8DFE-48C2-935E-0433A6A08EA4}.Release|Any CPU.ActiveCfg = Release|Any CPU
		{8D32AE72-8DFE-48C2-935E-0433A6A08EA4}.Release|Any CPU.Build.0 = Release|Any CPU
		{9F6DC194-4AF1-42B1-B3E3-19BB2821F0A3}.Debug|Any CPU.ActiveCfg = Debug|Any CPU
		{9F6DC194-4AF1-42B1-B3E3-19BB2821F0A3}.Debug|Any CPU.Build.0 = Debug|Any CPU
		{9F6DC194-4AF1-42B1-B3E3-19BB2821F0A3}.Release|Any CPU.ActiveCfg = Release|Any CPU
		{9F6DC194-4AF1-42B1-B3E3-19BB2821F0A3}.Release|Any CPU.Build.0 = Release|Any CPU
		{0AFB97AA-D3EE-4B52-B9E6-AE0FD7196BD9}.Debug|Any CPU.ActiveCfg = Debug|Any CPU
		{0AFB97AA-D3EE-4B52-B9E6-AE0FD7196BD9}.Debug|Any CPU.Build.0 = Debug|Any CPU
		{0AFB97AA-D3EE-4B52-B9E6-AE0FD7196BD9}.Release|Any CPU.ActiveCfg = Release|Any CPU
		{0AFB97AA-D3EE-4B52-B9E6-AE0FD7196BD9}.Release|Any CPU.Build.0 = Release|Any CPU
		{92839D8A-F585-4600-8C51-4F34FF65C271}.Debug|Any CPU.ActiveCfg = Debug|Any CPU
		{92839D8A-F585-4600-8C51-4F34FF65C271}.Debug|Any CPU.Build.0 = Debug|Any CPU
		{92839D8A-F585-4600-8C51-4F34FF65C271}.Release|Any CPU.ActiveCfg = Release|Any CPU
		{92839D8A-F585-4600-8C51-4F34FF65C271}.Release|Any CPU.Build.0 = Release|Any CPU
		{3520DB57-30A9-43CE-A678-DA340C3BDD33}.Debug|Any CPU.ActiveCfg = Debug|Any CPU
		{3520DB57-30A9-43CE-A678-DA340C3BDD33}.Debug|Any CPU.Build.0 = Debug|Any CPU
		{3520DB57-30A9-43CE-A678-DA340C3BDD33}.Release|Any CPU.ActiveCfg = Release|Any CPU
		{3520DB57-30A9-43CE-A678-DA340C3BDD33}.Release|Any CPU.Build.0 = Release|Any CPU
		{8A426AF2-C1F6-4B72-A31E-2CB01379F360}.Debug|Any CPU.ActiveCfg = Debug|Any CPU
		{8A426AF2-C1F6-4B72-A31E-2CB01379F360}.Debug|Any CPU.Build.0 = Debug|Any CPU
		{8A426AF2-C1F6-4B72-A31E-2CB01379F360}.Release|Any CPU.ActiveCfg = Release|Any CPU
		{8A426AF2-C1F6-4B72-A31E-2CB01379F360}.Release|Any CPU.Build.0 = Release|Any CPU
		{56CE00A2-E797-437E-B15A-1D7223FB201C}.Debug|Any CPU.ActiveCfg = Debug|Any CPU
		{56CE00A2-E797-437E-B15A-1D7223FB201C}.Debug|Any CPU.Build.0 = Debug|Any CPU
		{56CE00A2-E797-437E-B15A-1D7223FB201C}.Release|Any CPU.ActiveCfg = Release|Any CPU
		{56CE00A2-E797-437E-B15A-1D7223FB201C}.Release|Any CPU.Build.0 = Release|Any CPU
		{28A1C60D-1006-49F2-99DC-5DCD048157F6}.Debug|Any CPU.ActiveCfg = Debug|Any CPU
		{28A1C60D-1006-49F2-99DC-5DCD048157F6}.Debug|Any CPU.Build.0 = Debug|Any CPU
		{28A1C60D-1006-49F2-99DC-5DCD048157F6}.Release|Any CPU.ActiveCfg = Release|Any CPU
		{28A1C60D-1006-49F2-99DC-5DCD048157F6}.Release|Any CPU.Build.0 = Release|Any CPU
		{E802F69B-99C0-487D-A741-457FB348E72C}.Debug|Any CPU.ActiveCfg = Debug|Any CPU
		{E802F69B-99C0-487D-A741-457FB348E72C}.Debug|Any CPU.Build.0 = Debug|Any CPU
		{E802F69B-99C0-487D-A741-457FB348E72C}.Release|Any CPU.ActiveCfg = Release|Any CPU
		{E802F69B-99C0-487D-A741-457FB348E72C}.Release|Any CPU.Build.0 = Release|Any CPU
		{3CC40E96-798B-4673-AE2F-ED3EDFF54D9C}.Debug|Any CPU.ActiveCfg = Debug|Any CPU
		{3CC40E96-798B-4673-AE2F-ED3EDFF54D9C}.Debug|Any CPU.Build.0 = Debug|Any CPU
		{3CC40E96-798B-4673-AE2F-ED3EDFF54D9C}.Release|Any CPU.ActiveCfg = Release|Any CPU
		{3CC40E96-798B-4673-AE2F-ED3EDFF54D9C}.Release|Any CPU.Build.0 = Release|Any CPU
		{EE6CF303-F48F-4676-9A10-BA9638A8A7C3}.Debug|Any CPU.ActiveCfg = Debug|Any CPU
		{EE6CF303-F48F-4676-9A10-BA9638A8A7C3}.Debug|Any CPU.Build.0 = Debug|Any CPU
		{EE6CF303-F48F-4676-9A10-BA9638A8A7C3}.Release|Any CPU.ActiveCfg = Release|Any CPU
		{EE6CF303-F48F-4676-9A10-BA9638A8A7C3}.Release|Any CPU.Build.0 = Release|Any CPU
		{6DFED7D0-2C62-46BE-8F84-EAE558D128A1}.Debug|Any CPU.ActiveCfg = Debug|Any CPU
		{6DFED7D0-2C62-46BE-8F84-EAE558D128A1}.Debug|Any CPU.Build.0 = Debug|Any CPU
		{6DFED7D0-2C62-46BE-8F84-EAE558D128A1}.Release|Any CPU.ActiveCfg = Release|Any CPU
		{6DFED7D0-2C62-46BE-8F84-EAE558D128A1}.Release|Any CPU.Build.0 = Release|Any CPU
		{F55374A1-A303-4FC1-8E79-FBF401BBBF43}.Debug|Any CPU.ActiveCfg = Debug|Any CPU
		{F55374A1-A303-4FC1-8E79-FBF401BBBF43}.Debug|Any CPU.Build.0 = Debug|Any CPU
		{F55374A1-A303-4FC1-8E79-FBF401BBBF43}.Release|Any CPU.ActiveCfg = Release|Any CPU
		{F55374A1-A303-4FC1-8E79-FBF401BBBF43}.Release|Any CPU.Build.0 = Release|Any CPU
		{A791B401-4CFF-4343-BB66-BCD785564C82}.Debug|Any CPU.ActiveCfg = Release|Any CPU
		{A791B401-4CFF-4343-BB66-BCD785564C82}.Debug|Any CPU.Build.0 = Release|Any CPU
		{A791B401-4CFF-4343-BB66-BCD785564C82}.Release|Any CPU.ActiveCfg = Release|Any CPU
		{A791B401-4CFF-4343-BB66-BCD785564C82}.Release|Any CPU.Build.0 = Release|Any CPU
		{6E37DC57-D794-4387-B71F-C91A3976BB49}.Debug|Any CPU.ActiveCfg = Debug|Any CPU
		{6E37DC57-D794-4387-B71F-C91A3976BB49}.Debug|Any CPU.Build.0 = Debug|Any CPU
		{6E37DC57-D794-4387-B71F-C91A3976BB49}.Release|Any CPU.ActiveCfg = Release|Any CPU
		{6E37DC57-D794-4387-B71F-C91A3976BB49}.Release|Any CPU.Build.0 = Release|Any CPU
		{702519F8-76FE-4D41-9F1F-642905ECD3F3}.Debug|Any CPU.ActiveCfg = Debug|Any CPU
		{702519F8-76FE-4D41-9F1F-642905ECD3F3}.Debug|Any CPU.Build.0 = Debug|Any CPU
		{702519F8-76FE-4D41-9F1F-642905ECD3F3}.Release|Any CPU.ActiveCfg = Release|Any CPU
		{702519F8-76FE-4D41-9F1F-642905ECD3F3}.Release|Any CPU.Build.0 = Release|Any CPU
		{3F0C9FBA-1F51-4037-B195-26F8B60154E6}.Debug|Any CPU.ActiveCfg = Debug|Any CPU
		{3F0C9FBA-1F51-4037-B195-26F8B60154E6}.Debug|Any CPU.Build.0 = Debug|Any CPU
		{3F0C9FBA-1F51-4037-B195-26F8B60154E6}.Release|Any CPU.ActiveCfg = Release|Any CPU
		{3F0C9FBA-1F51-4037-B195-26F8B60154E6}.Release|Any CPU.Build.0 = Release|Any CPU
		{6F06FDCF-A786-458F-AA56-DB75957369EC}.Debug|Any CPU.ActiveCfg = Debug|Any CPU
		{6F06FDCF-A786-458F-AA56-DB75957369EC}.Debug|Any CPU.Build.0 = Debug|Any CPU
		{6F06FDCF-A786-458F-AA56-DB75957369EC}.Release|Any CPU.ActiveCfg = Release|Any CPU
		{6F06FDCF-A786-458F-AA56-DB75957369EC}.Release|Any CPU.Build.0 = Release|Any CPU
		{0A84A66C-A063-47F7-8161-AEC8022EA911}.Debug|Any CPU.ActiveCfg = Debug|Any CPU
		{0A84A66C-A063-47F7-8161-AEC8022EA911}.Debug|Any CPU.Build.0 = Debug|Any CPU
		{0A84A66C-A063-47F7-8161-AEC8022EA911}.Release|Any CPU.ActiveCfg = Release|Any CPU
		{0A84A66C-A063-47F7-8161-AEC8022EA911}.Release|Any CPU.Build.0 = Release|Any CPU
		{1834A1DD-5E94-4C2C-ACE4-BCA40C490782}.Debug|Any CPU.ActiveCfg = Debug|Any CPU
		{1834A1DD-5E94-4C2C-ACE4-BCA40C490782}.Debug|Any CPU.Build.0 = Debug|Any CPU
		{1834A1DD-5E94-4C2C-ACE4-BCA40C490782}.Release|Any CPU.ActiveCfg = Release|Any CPU
		{1834A1DD-5E94-4C2C-ACE4-BCA40C490782}.Release|Any CPU.Build.0 = Release|Any CPU
		{F5D4093C-518F-4D0A-B1CA-1AC672B2D4CF}.Debug|Any CPU.ActiveCfg = Debug|Any CPU
		{F5D4093C-518F-4D0A-B1CA-1AC672B2D4CF}.Debug|Any CPU.Build.0 = Debug|Any CPU
		{F5D4093C-518F-4D0A-B1CA-1AC672B2D4CF}.Release|Any CPU.ActiveCfg = Release|Any CPU
		{F5D4093C-518F-4D0A-B1CA-1AC672B2D4CF}.Release|Any CPU.Build.0 = Release|Any CPU
	EndGlobalSection
	GlobalSection(SolutionProperties) = preSolution
		HideSolutionNode = FALSE
	EndGlobalSection
	GlobalSection(NestedProjects) = preSolution
		{18E202EE-C9BF-4715-824D-3EBCDDB847B6} = {1DA041CF-77AA-4489-A353-99206FC09556}
		{B4AE41A8-DF28-4405-9CAD-6922FE869740} = {507DAA8D-B06D-4B2E-81D5-DB44A990FE85}
		{58F45B15-0759-451C-BEFF-4031A76B2AA9} = {507DAA8D-B06D-4B2E-81D5-DB44A990FE85}
		{DD74D331-9F85-489F-988D-BF60D367DD0A} = {DA7B57FA-5CD1-4DEF-9A9A-9690F4036F18}
		{8D32AE72-8DFE-48C2-935E-0433A6A08EA4} = {DA7B57FA-5CD1-4DEF-9A9A-9690F4036F18}
		{9F6DC194-4AF1-42B1-B3E3-19BB2821F0A3} = {DA7B57FA-5CD1-4DEF-9A9A-9690F4036F18}
		{0AFB97AA-D3EE-4B52-B9E6-AE0FD7196BD9} = {3DAFB3F2-1E7C-4F25-97A4-795838151002}
		{92839D8A-F585-4600-8C51-4F34FF65C271} = {3DAFB3F2-1E7C-4F25-97A4-795838151002}
		{3520DB57-30A9-43CE-A678-DA340C3BDD33} = {CB1AC6BE-973E-4421-8FAC-27173D79BC9A}
		{8A426AF2-C1F6-4B72-A31E-2CB01379F360} = {CB1AC6BE-973E-4421-8FAC-27173D79BC9A}
		{56CE00A2-E797-437E-B15A-1D7223FB201C} = {CB1AC6BE-973E-4421-8FAC-27173D79BC9A}
		{28A1C60D-1006-49F2-99DC-5DCD048157F6} = {0B6826CF-C410-4CDA-9051-C9E52C3133F0}
		{E802F69B-99C0-487D-A741-457FB348E72C} = {0B6826CF-C410-4CDA-9051-C9E52C3133F0}
		{3CC40E96-798B-4673-AE2F-ED3EDFF54D9C} = {0B6826CF-C410-4CDA-9051-C9E52C3133F0}
		{EE6CF303-F48F-4676-9A10-BA9638A8A7C3} = {0B6826CF-C410-4CDA-9051-C9E52C3133F0}
		{6DFED7D0-2C62-46BE-8F84-EAE558D128A1} = {0B6826CF-C410-4CDA-9051-C9E52C3133F0}
		{F55374A1-A303-4FC1-8E79-FBF401BBBF43} = {0B6826CF-C410-4CDA-9051-C9E52C3133F0}
		{A791B401-4CFF-4343-BB66-BCD785564C82} = {0B6826CF-C410-4CDA-9051-C9E52C3133F0}
		{6E37DC57-D794-4387-B71F-C91A3976BB49} = {1DA041CF-77AA-4489-A353-99206FC09556}
		{702519F8-76FE-4D41-9F1F-642905ECD3F3} = {1DA041CF-77AA-4489-A353-99206FC09556}
		{6F06FDCF-A786-458F-AA56-DB75957369EC} = {DA7B57FA-5CD1-4DEF-9A9A-9690F4036F18}
		{F77B70F9-0ED7-4FAD-9F60-9B25834BDC23} = {31144AF5-4B12-4008-AE5B-8DA82620915F}
		{8CFE3A00-762A-496C-AF11-20FE9BECDD4C} = {31144AF5-4B12-4008-AE5B-8DA82620915F}
		{8066AE8C-62B4-4E7A-A238-859AA2A281CA} = {31144AF5-4B12-4008-AE5B-8DA82620915F}
		{0A84A66C-A063-47F7-8161-AEC8022EA911} = {1DA041CF-77AA-4489-A353-99206FC09556}
		{F5D4093C-518F-4D0A-B1CA-1AC672B2D4CF} = {1BC91E56-935C-40B0-A013-49CBD3511C2F}
		{3F0C9FBA-1F51-4037-B195-26F8B60154E6} = {1BC91E56-935C-40B0-A013-49CBD3511C2F}
		{1834A1DD-5E94-4C2C-ACE4-BCA40C490782} = {1BC91E56-935C-40B0-A013-49CBD3511C2F}
	EndGlobalSection
	GlobalSection(ExtensibilityGlobals) = postSolution
		SolutionGuid = {DB249DC8-BB8F-4BD8-A5D6-2206C1BC3442}
	EndGlobalSection
EndGlobal
